// !$*UTF8*$!
{
	archiveVersion = 1;
	classes = {
	};
	objectVersion = 50;
	objects = {

/* Begin PBXBuildFile section */
		00EBBED121A650700005BFE6 /* AppDelegate.swift in Sources */ = {isa = PBXBuildFile; fileRef = 00EBBED021A650700005BFE6 /* AppDelegate.swift */; };
		00EBBED321A650700005BFE6 /* ViewController.swift in Sources */ = {isa = PBXBuildFile; fileRef = 00EBBED221A650700005BFE6 /* ViewController.swift */; };
		00EBBED621A650700005BFE6 /* Main.storyboard in Resources */ = {isa = PBXBuildFile; fileRef = 00EBBED421A650700005BFE6 /* Main.storyboard */; };
		00EBBED821A650710005BFE6 /* Assets.xcassets in Resources */ = {isa = PBXBuildFile; fileRef = 00EBBED721A650710005BFE6 /* Assets.xcassets */; };
		00EBBEDB21A650710005BFE6 /* LaunchScreen.storyboard in Resources */ = {isa = PBXBuildFile; fileRef = 00EBBED921A650710005BFE6 /* LaunchScreen.storyboard */; };
		00EBBEE821A65C950005BFE6 /* NormalCycleViewCells.swift in Sources */ = {isa = PBXBuildFile; fileRef = 00EBBEE721A65C950005BFE6 /* NormalCycleViewCells.swift */; };
		00EBBEEA21A67D6F0005BFE6 /* CycleScrollView.swift in Sources */ = {isa = PBXBuildFile; fileRef = 00EBBEE921A67D6F0005BFE6 /* CycleScrollView.swift */; };
		22FDAF565D1F8AF67BADA46E /* Pods_CCPCycleScrollView.framework in Frameworks */ = {isa = PBXBuildFile; fileRef = E41CA16BFEEFEA756E91D35E /* Pods_CCPCycleScrollView.framework */; };
/* End PBXBuildFile section */

/* Begin PBXFileReference section */
		00EBBECD21A650700005BFE6 /* CCPCycleScrollView.app */ = {isa = PBXFileReference; explicitFileType = wrapper.application; includeInIndex = 0; path = CCPCycleScrollView.app; sourceTree = BUILT_PRODUCTS_DIR; };
		00EBBED021A650700005BFE6 /* AppDelegate.swift */ = {isa = PBXFileReference; lastKnownFileType = sourcecode.swift; path = AppDelegate.swift; sourceTree = "<group>"; };
		00EBBED221A650700005BFE6 /* ViewController.swift */ = {isa = PBXFileReference; lastKnownFileType = sourcecode.swift; path = ViewController.swift; sourceTree = "<group>"; };
		00EBBED521A650700005BFE6 /* Base */ = {isa = PBXFileReference; lastKnownFileType = file.storyboard; name = Base; path = Base.lproj/Main.storyboard; sourceTree = "<group>"; };
		00EBBED721A650710005BFE6 /* Assets.xcassets */ = {isa = PBXFileReference; lastKnownFileType = folder.assetcatalog; path = Assets.xcassets; sourceTree = "<group>"; };
		00EBBEDA21A650710005BFE6 /* Base */ = {isa = PBXFileReference; lastKnownFileType = file.storyboard; name = Base; path = Base.lproj/LaunchScreen.storyboard; sourceTree = "<group>"; };
		00EBBEDC21A650710005BFE6 /* Info.plist */ = {isa = PBXFileReference; lastKnownFileType = text.plist.xml; path = Info.plist; sourceTree = "<group>"; };
		00EBBEE721A65C950005BFE6 /* NormalCycleViewCells.swift */ = {isa = PBXFileReference; lastKnownFileType = sourcecode.swift; path = NormalCycleViewCells.swift; sourceTree = "<group>"; };
		00EBBEE921A67D6F0005BFE6 /* CycleScrollView.swift */ = {isa = PBXFileReference; lastKnownFileType = sourcecode.swift; path = CycleScrollView.swift; sourceTree = "<group>"; };
		BF858BB5F983D11650528E6D /* Pods-CCPCycleScrollView.debug.xcconfig */ = {isa = PBXFileReference; includeInIndex = 1; lastKnownFileType = text.xcconfig; name = "Pods-CCPCycleScrollView.debug.xcconfig"; path = "Pods/Target Support Files/Pods-CCPCycleScrollView/Pods-CCPCycleScrollView.debug.xcconfig"; sourceTree = "<group>"; };
		E41CA16BFEEFEA756E91D35E /* Pods_CCPCycleScrollView.framework */ = {isa = PBXFileReference; explicitFileType = wrapper.framework; includeInIndex = 0; path = Pods_CCPCycleScrollView.framework; sourceTree = BUILT_PRODUCTS_DIR; };
		FF7727BB32E1ABCE0E51BF3D /* Pods-CCPCycleScrollView.release.xcconfig */ = {isa = PBXFileReference; includeInIndex = 1; lastKnownFileType = text.xcconfig; name = "Pods-CCPCycleScrollView.release.xcconfig"; path = "Pods/Target Support Files/Pods-CCPCycleScrollView/Pods-CCPCycleScrollView.release.xcconfig"; sourceTree = "<group>"; };
/* End PBXFileReference section */

/* Begin PBXFrameworksBuildPhase section */
		00EBBECA21A650700005BFE6 /* Frameworks */ = {
			isa = PBXFrameworksBuildPhase;
			buildActionMask = 2147483647;
			files = (
				22FDAF565D1F8AF67BADA46E /* Pods_CCPCycleScrollView.framework in Frameworks */,
			);
			runOnlyForDeploymentPostprocessing = 0;
		};
/* End PBXFrameworksBuildPhase section */

/* Begin PBXGroup section */
		00EBBEC421A650700005BFE6 = {
			isa = PBXGroup;
			children = (
				00EBBECF21A650700005BFE6 /* CCPCycleScrollView */,
				00EBBECE21A650700005BFE6 /* Products */,
				4CEA0A7746D4D02954CAFD08 /* Pods */,
				F89448D168CFA547CE43FE52 /* Frameworks */,
			);
			sourceTree = "<group>";
		};
		00EBBECE21A650700005BFE6 /* Products */ = {
			isa = PBXGroup;
			children = (
				00EBBECD21A650700005BFE6 /* CCPCycleScrollView.app */,
			);
			name = Products;
			sourceTree = "<group>";
		};
		00EBBECF21A650700005BFE6 /* CCPCycleScrollView */ = {
			isa = PBXGroup;
			children = (
				00EBBEE221A650800005BFE6 /* CycleSCroll */,
				00EBBED021A650700005BFE6 /* AppDelegate.swift */,
				00EBBED221A650700005BFE6 /* ViewController.swift */,
				00EBBED421A650700005BFE6 /* Main.storyboard */,
				00EBBED721A650710005BFE6 /* Assets.xcassets */,
				00EBBED921A650710005BFE6 /* LaunchScreen.storyboard */,
				00EBBEDC21A650710005BFE6 /* Info.plist */,
			);
			path = CCPCycleScrollView;
			sourceTree = "<group>";
		};
		00EBBEE221A650800005BFE6 /* CycleSCroll */ = {
			isa = PBXGroup;
			children = (
				00EBBEE921A67D6F0005BFE6 /* CycleScrollView.swift */,
				00EBBEE721A65C950005BFE6 /* NormalCycleViewCells.swift */,
			);
			path = CycleSCroll;
			sourceTree = "<group>";
		};
		4CEA0A7746D4D02954CAFD08 /* Pods */ = {
			isa = PBXGroup;
			children = (
				BF858BB5F983D11650528E6D /* Pods-CCPCycleScrollView.debug.xcconfig */,
				FF7727BB32E1ABCE0E51BF3D /* Pods-CCPCycleScrollView.release.xcconfig */,
			);
			name = Pods;
			sourceTree = "<group>";
		};
		F89448D168CFA547CE43FE52 /* Frameworks */ = {
			isa = PBXGroup;
			children = (
				E41CA16BFEEFEA756E91D35E /* Pods_CCPCycleScrollView.framework */,
			);
			name = Frameworks;
			sourceTree = "<group>";
		};
/* End PBXGroup section */

/* Begin PBXNativeTarget section */
		00EBBECC21A650700005BFE6 /* CCPCycleScrollView */ = {
			isa = PBXNativeTarget;
			buildConfigurationList = 00EBBEDF21A650710005BFE6 /* Build configuration list for PBXNativeTarget "CCPCycleScrollView" */;
			buildPhases = (
				5F1D6FEB558D3B292556003E /* [CP] Check Pods Manifest.lock */,
				00EBBEC921A650700005BFE6 /* Sources */,
				00EBBECA21A650700005BFE6 /* Frameworks */,
				00EBBECB21A650700005BFE6 /* Resources */,
				C5693CB86845505B34CA83EE /* [CP] Embed Pods Frameworks */,
				204F7B92748E81E04999B012 /* [CP] Copy Pods Resources */,
			);
			buildRules = (
			);
			dependencies = (
			);
			name = CCPCycleScrollView;
			productName = CCPCycleScrollView;
			productReference = 00EBBECD21A650700005BFE6 /* CCPCycleScrollView.app */;
			productType = "com.apple.product-type.application";
		};
/* End PBXNativeTarget section */

/* Begin PBXProject section */
		00EBBEC521A650700005BFE6 /* Project object */ = {
			isa = PBXProject;
			attributes = {
				LastSwiftUpdateCheck = 1000;
				LastUpgradeCheck = 1000;
				ORGANIZATIONNAME = "储诚鹏";
				TargetAttributes = {
					00EBBECC21A650700005BFE6 = {
						CreatedOnToolsVersion = 10.0;
					};
				};
			};
			buildConfigurationList = 00EBBEC821A650700005BFE6 /* Build configuration list for PBXProject "CCPCycleScrollView" */;
			compatibilityVersion = "Xcode 9.3";
			developmentRegion = en;
			hasScannedForEncodings = 0;
			knownRegions = (
				en,
				Base,
			);
			mainGroup = 00EBBEC421A650700005BFE6;
			productRefGroup = 00EBBECE21A650700005BFE6 /* Products */;
			projectDirPath = "";
			projectRoot = "";
			targets = (
				00EBBECC21A650700005BFE6 /* CCPCycleScrollView */,
			);
		};
/* End PBXProject section */

/* Begin PBXResourcesBuildPhase section */
		00EBBECB21A650700005BFE6 /* Resources */ = {
			isa = PBXResourcesBuildPhase;
			buildActionMask = 2147483647;
			files = (
				00EBBEDB21A650710005BFE6 /* LaunchScreen.storyboard in Resources */,
				00EBBED821A650710005BFE6 /* Assets.xcassets in Resources */,
				00EBBED621A650700005BFE6 /* Main.storyboard in Resources */,
			);
			runOnlyForDeploymentPostprocessing = 0;
		};
/* End PBXResourcesBuildPhase section */

/* Begin PBXShellScriptBuildPhase section */
		204F7B92748E81E04999B012 /* [CP] Copy Pods Resources */ = {
			isa = PBXShellScriptBuildPhase;
			buildActionMask = 2147483647;
			files = (
			);
			inputPaths = (
			);
			name = "[CP] Copy Pods Resources";
			outputPaths = (
			);
			runOnlyForDeploymentPostprocessing = 0;
			shellPath = /bin/sh;
			shellScript = "\"${SRCROOT}/Pods/Target Support Files/Pods-CCPCycleScrollView/Pods-CCPCycleScrollView-resources.sh\"\n";
			showEnvVarsInLog = 0;
		};
		5F1D6FEB558D3B292556003E /* [CP] Check Pods Manifest.lock */ = {
			isa = PBXShellScriptBuildPhase;
			buildActionMask = 2147483647;
			files = (
			);
			inputPaths = (
				"${PODS_PODFILE_DIR_PATH}/Podfile.lock",
				"${PODS_ROOT}/Manifest.lock",
			);
			name = "[CP] Check Pods Manifest.lock";
			outputPaths = (
				"$(DERIVED_FILE_DIR)/Pods-CCPCycleScrollView-checkManifestLockResult.txt",
			);
			runOnlyForDeploymentPostprocessing = 0;
			shellPath = /bin/sh;
			shellScript = "diff \"${PODS_PODFILE_DIR_PATH}/Podfile.lock\" \"${PODS_ROOT}/Manifest.lock\" > /dev/null\nif [ $? != 0 ] ; then\n    # print error to STDERR\n    echo \"error: The sandbox is not in sync with the Podfile.lock. Run 'pod install' or update your CocoaPods installation.\" >&2\n    exit 1\nfi\n# This output is used by Xcode 'outputs' to avoid re-running this script phase.\necho \"SUCCESS\" > \"${SCRIPT_OUTPUT_FILE_0}\"\n";
			showEnvVarsInLog = 0;
		};
		C5693CB86845505B34CA83EE /* [CP] Embed Pods Frameworks */ = {
			isa = PBXShellScriptBuildPhase;
			buildActionMask = 2147483647;
			files = (
			);
			inputPaths = (
				"${SRCROOT}/Pods/Target Support Files/Pods-CCPCycleScrollView/Pods-CCPCycleScrollView-frameworks.sh",
				"${BUILT_PRODUCTS_DIR}/Kingfisher/Kingfisher.framework",
				"${BUILT_PRODUCTS_DIR}/SnapKit/SnapKit.framework",
			);
			name = "[CP] Embed Pods Frameworks";
			outputPaths = (
				"${TARGET_BUILD_DIR}/${FRAMEWORKS_FOLDER_PATH}/Kingfisher.framework",
				"${TARGET_BUILD_DIR}/${FRAMEWORKS_FOLDER_PATH}/SnapKit.framework",
			);
			runOnlyForDeploymentPostprocessing = 0;
			shellPath = /bin/sh;
			shellScript = "\"${SRCROOT}/Pods/Target Support Files/Pods-CCPCycleScrollView/Pods-CCPCycleScrollView-frameworks.sh\"\n";
			showEnvVarsInLog = 0;
		};
/* End PBXShellScriptBuildPhase section */

/* Begin PBXSourcesBuildPhase section */
		00EBBEC921A650700005BFE6 /* Sources */ = {
			isa = PBXSourcesBuildPhase;
			buildActionMask = 2147483647;
			files = (
				00EBBEE821A65C950005BFE6 /* NormalCycleViewCells.swift in Sources */,
				00EBBEEA21A67D6F0005BFE6 /* CycleScrollView.swift in Sources */,
				00EBBED321A650700005BFE6 /* ViewController.swift in Sources */,
				00EBBED121A650700005BFE6 /* AppDelegate.swift in Sources */,
			);
			runOnlyForDeploymentPostprocessing = 0;
		};
/* End PBXSourcesBuildPhase section */

/* Begin PBXVariantGroup section */
		00EBBED421A650700005BFE6 /* Main.storyboard */ = {
			isa = PBXVariantGroup;
			children = (
				00EBBED521A650700005BFE6 /* Base */,
			);
			name = Main.storyboard;
			sourceTree = "<group>";
		};
		00EBBED921A650710005BFE6 /* LaunchScreen.storyboard */ = {
			isa = PBXVariantGroup;
			children = (
				00EBBEDA21A650710005BFE6 /* Base */,
			);
			name = LaunchScreen.storyboard;
			sourceTree = "<group>";
		};
/* End PBXVariantGroup section */

/* Begin XCBuildConfiguration section */
		00EBBEDD21A650710005BFE6 /* Debug */ = {
			isa = XCBuildConfiguration;
			buildSettings = {
				ALWAYS_SEARCH_USER_PATHS = NO;
				CLANG_ANALYZER_NONNULL = YES;
				CLANG_ANALYZER_NUMBER_OBJECT_CONVERSION = YES_AGGRESSIVE;
				CLANG_CXX_LANGUAGE_STANDARD = "gnu++14";
				CLANG_CXX_LIBRARY = "libc++";
				CLANG_ENABLE_MODULES = YES;
				CLANG_ENABLE_OBJC_ARC = YES;
				CLANG_ENABLE_OBJC_WEAK = YES;
				CLANG_WARN_BLOCK_CAPTURE_AUTORELEASING = YES;
				CLANG_WARN_BOOL_CONVERSION = YES;
				CLANG_WARN_COMMA = YES;
				CLANG_WARN_CONSTANT_CONVERSION = YES;
				CLANG_WARN_DEPRECATED_OBJC_IMPLEMENTATIONS = YES;
				CLANG_WARN_DIRECT_OBJC_ISA_USAGE = YES_ERROR;
				CLANG_WARN_DOCUMENTATION_COMMENTS = YES;
				CLANG_WARN_EMPTY_BODY = YES;
				CLANG_WARN_ENUM_CONVERSION = YES;
				CLANG_WARN_INFINITE_RECURSION = YES;
				CLANG_WARN_INT_CONVERSION = YES;
				CLANG_WARN_NON_LITERAL_NULL_CONVERSION = YES;
				CLANG_WARN_OBJC_IMPLICIT_RETAIN_SELF = YES;
				CLANG_WARN_OBJC_LITERAL_CONVERSION = YES;
				CLANG_WARN_OBJC_ROOT_CLASS = YES_ERROR;
				CLANG_WARN_RANGE_LOOP_ANALYSIS = YES;
				CLANG_WARN_STRICT_PROTOTYPES = YES;
				CLANG_WARN_SUSPICIOUS_MOVE = YES;
				CLANG_WARN_UNGUARDED_AVAILABILITY = YES_AGGRESSIVE;
				CLANG_WARN_UNREACHABLE_CODE = YES;
				CLANG_WARN__DUPLICATE_METHOD_MATCH = YES;
				CODE_SIGN_IDENTITY = "iPhone Developer";
				COPY_PHASE_STRIP = NO;
				DEBUG_INFORMATION_FORMAT = dwarf;
				ENABLE_STRICT_OBJC_MSGSEND = YES;
				ENABLE_TESTABILITY = YES;
				GCC_C_LANGUAGE_STANDARD = gnu11;
				GCC_DYNAMIC_NO_PIC = NO;
				GCC_NO_COMMON_BLOCKS = YES;
				GCC_OPTIMIZATION_LEVEL = 0;
				GCC_PREPROCESSOR_DEFINITIONS = (
					"DEBUG=1",
					"$(inherited)",
				);
				GCC_WARN_64_TO_32_BIT_CONVERSION = YES;
				GCC_WARN_ABOUT_RETURN_TYPE = YES_ERROR;
				GCC_WARN_UNDECLARED_SELECTOR = YES;
				GCC_WARN_UNINITIALIZED_AUTOS = YES_AGGRESSIVE;
				GCC_WARN_UNUSED_FUNCTION = YES;
				GCC_WARN_UNUSED_VARIABLE = YES;
				IPHONEOS_DEPLOYMENT_TARGET = 12.0;
				MTL_ENABLE_DEBUG_INFO = INCLUDE_SOURCE;
				MTL_FAST_MATH = YES;
				ONLY_ACTIVE_ARCH = YES;
				SDKROOT = iphoneos;
				SWIFT_ACTIVE_COMPILATION_CONDITIONS = DEBUG;
				SWIFT_OPTIMIZATION_LEVEL = "-Onone";
			};
			name = Debug;
		};
		00EBBEDE21A650710005BFE6 /* Release */ = {
			isa = XCBuildConfiguration;
			buildSettings = {
				ALWAYS_SEARCH_USER_PATHS = NO;
				CLANG_ANALYZER_NONNULL = YES;
				CLANG_ANALYZER_NUMBER_OBJECT_CONVERSION = YES_AGGRESSIVE;
				CLANG_CXX_LANGUAGE_STANDARD = "gnu++14";
				CLANG_CXX_LIBRARY = "libc++";
				CLANG_ENABLE_MODULES = YES;
				CLANG_ENABLE_OBJC_ARC = YES;
				CLANG_ENABLE_OBJC_WEAK = YES;
				CLANG_WARN_BLOCK_CAPTURE_AUTORELEASING = YES;
				CLANG_WARN_BOOL_CONVERSION = YES;
				CLANG_WARN_COMMA = YES;
				CLANG_WARN_CONSTANT_CONVERSION = YES;
				CLANG_WARN_DEPRECATED_OBJC_IMPLEMENTATIONS = YES;
				CLANG_WARN_DIRECT_OBJC_ISA_USAGE = YES_ERROR;
				CLANG_WARN_DOCUMENTATION_COMMENTS = YES;
				CLANG_WARN_EMPTY_BODY = YES;
				CLANG_WARN_ENUM_CONVERSION = YES;
				CLANG_WARN_INFINITE_RECURSION = YES;
				CLANG_WARN_INT_CONVERSION = YES;
				CLANG_WARN_NON_LITERAL_NULL_CONVERSION = YES;
				CLANG_WARN_OBJC_IMPLICIT_RETAIN_SELF = YES;
				CLANG_WARN_OBJC_LITERAL_CONVERSION = YES;
				CLANG_WARN_OBJC_ROOT_CLASS = YES_ERROR;
				CLANG_WARN_RANGE_LOOP_ANALYSIS = YES;
				CLANG_WARN_STRICT_PROTOTYPES = YES;
				CLANG_WARN_SUSPICIOUS_MOVE = YES;
				CLANG_WARN_UNGUARDED_AVAILABILITY = YES_AGGRESSIVE;
				CLANG_WARN_UNREACHABLE_CODE = YES;
				CLANG_WARN__DUPLICATE_METHOD_MATCH = YES;
				CODE_SIGN_IDENTITY = "iPhone Developer";
				COPY_PHASE_STRIP = NO;
				DEBUG_INFORMATION_FORMAT = "dwarf-with-dsym";
				ENABLE_NS_ASSERTIONS = NO;
				ENABLE_STRICT_OBJC_MSGSEND = YES;
				GCC_C_LANGUAGE_STANDARD = gnu11;
				GCC_NO_COMMON_BLOCKS = YES;
				GCC_WARN_64_TO_32_BIT_CONVERSION = YES;
				GCC_WARN_ABOUT_RETURN_TYPE = YES_ERROR;
				GCC_WARN_UNDECLARED_SELECTOR = YES;
				GCC_WARN_UNINITIALIZED_AUTOS = YES_AGGRESSIVE;
				GCC_WARN_UNUSED_FUNCTION = YES;
				GCC_WARN_UNUSED_VARIABLE = YES;
				IPHONEOS_DEPLOYMENT_TARGET = 12.0;
				MTL_ENABLE_DEBUG_INFO = NO;
				MTL_FAST_MATH = YES;
				SDKROOT = iphoneos;
				SWIFT_COMPILATION_MODE = wholemodule;
				SWIFT_OPTIMIZATION_LEVEL = "-O";
				VALIDATE_PRODUCT = YES;
			};
			name = Release;
		};
		00EBBEE021A650710005BFE6 /* Debug */ = {
			isa = XCBuildConfiguration;
			baseConfigurationReference = BF858BB5F983D11650528E6D /* Pods-CCPCycleScrollView.debug.xcconfig */;
			buildSettings = {
				ASSETCATALOG_COMPILER_APPICON_NAME = AppIcon;
				CODE_SIGN_STYLE = Automatic;
				DEVELOPMENT_TEAM = ND2NE475A9;
				INFOPLIST_FILE = CCPCycleScrollView/Info.plist;
				LD_RUNPATH_SEARCH_PATHS = (
					"$(inherited)",
					"@executable_path/Frameworks",
				);
				PRODUCT_BUNDLE_IDENTIFIER = ccp.CCPCycleScrollView;
				PRODUCT_NAME = "$(TARGET_NAME)";
				SWIFT_VERSION = 4.2;
				TARGETED_DEVICE_FAMILY = "1,2";
			};
			name = Debug;
		};
		00EBBEE121A650710005BFE6 /* Release */ = {
			isa = XCBuildConfiguration;
			baseConfigurationReference = FF7727BB32E1ABCE0E51BF3D /* Pods-CCPCycleScrollView.release.xcconfig */;
			buildSettings = {
				ASSETCATALOG_COMPILER_APPICON_NAME = AppIcon;
				CODE_SIGN_STYLE = Automatic;
				DEVELOPMENT_TEAM = ND2NE475A9;
				INFOPLIST_FILE = CCPCycleScrollView/Info.plist;
				LD_RUNPATH_SEARCH_PATHS = (
					"$(inherited)",
					"@executable_path/Frameworks",
				);
				PRODUCT_BUNDLE_IDENTIFIER = ccp.CCPCycleScrollView;
				PRODUCT_NAME = "$(TARGET_NAME)";
				SWIFT_VERSION = 4.2;
				TARGETED_DEVICE_FAMILY = "1,2";
			};
			name = Release;
		};
/* End XCBuildConfiguration section */

/* Begin XCConfigurationList section */
		00EBBEC821A650700005BFE6 /* Build configuration list for PBXProject "CCPCycleScrollView" */ = {
			isa = XCConfigurationList;
			buildConfigurations = (
				00EBBEDD21A650710005BFE6 /* Debug */,
				00EBBEDE21A650710005BFE6 /* Release */,
			);
			defaultConfigurationIsVisible = 0;
			defaultConfigurationName = Release;
		};
		00EBBEDF21A650710005BFE6 /* Build configuration list for PBXNativeTarget "CCPCycleScrollView" */ = {
			isa = XCConfigurationList;
			buildConfigurations = (
				00EBBEE021A650710005BFE6 /* Debug */,
				00EBBEE121A650710005BFE6 /* Release */,
			);
			defaultConfigurationIsVisible = 0;
			defaultConfigurationName = Release;
		};
/* End XCConfigurationList section */
	};
	rootObject = 00EBBEC521A650700005BFE6 /* Project object */;
}
